
Microsoft Visual Studio Solution File, Format Version 12.00
# Visual Studio Version 16
VisualStudioVersion = 16.0.31105.61
MinimumVisualStudioVersion = 10.0.40219.1
Project("{FAE04EC0-301F-11D3-BF4B-00C04F79EFBC}") = "CS_RecursionFunction", "CS_RecursionFunction\CS_RecursionFunction.csproj", "{426A428F-7D70-4E8B-9B66-E7A4DC1F8123}"
EndProject
Project("{FAE04EC0-301F-11D3-BF4B-00C04F79EFBC}") = "csharp_Process", "csharp_Process\csharp_Process.csproj", "{447B8FCD-A937-4F45-A11A-EE04383E75F9}"
EndProject
Project("{FAE04EC0-301F-11D3-BF4B-00C04F79EFBC}") = "UserControlForm", "UserControlForm\UserControlForm.csproj", "{44A191A7-D9A6-45DF-BB82-97DD7C5A8559}"
EndProject
Project("{8BC9CEB8-8B4A-11D0-8D11-00A0C91BC942}") = "LearningUserControl", "LearningUserControl\LearningUserControl.vcxproj", "{228D17ED-BC2F-438A-9EF1-55DC7E290031}"
EndProject
Global
	GlobalSection(SolutionConfigurationPlatforms) = preSolution
		Debug|Any CPU = Debug|Any CPU
		Debug|x64 = Debug|x64
		Debug|x86 = Debug|x86
		Release|Any CPU = Release|Any CPU
		Release|x64 = Release|x64
		Release|x86 = Release|x86
	EndGlobalSection
	GlobalSection(ProjectConfigurationPlatforms) = postSolution
		{426A428F-7D70-4E8B-9B66-E7A4DC1F8123}.Debug|Any CPU.ActiveCfg = Debug|Any CPU
		{426A428F-7D70-4E8B-9B66-E7A4DC1F8123}.Debug|Any CPU.Build.0 = Debug|Any CPU
		{426A428F-7D70-4E8B-9B66-E7A4DC1F8123}.Debug|x64.ActiveCfg = Debug|Any CPU
		{426A428F-7D70-4E8B-9B66-E7A4DC1F8123}.Debug|x64.Build.0 = Debug|Any CPU
		{426A428F-7D70-4E8B-9B66-E7A4DC1F8123}.Debug|x86.ActiveCfg = Debug|Any CPU
		{426A428F-7D70-4E8B-9B66-E7A4DC1F8123}.Debug|x86.Build.0 = Debug|Any CPU
		{426A428F-7D70-4E8B-9B66-E7A4DC1F8123}.Release|Any CPU.ActiveCfg = Release|Any CPU
		{426A428F-7D70-4E8B-9B66-E7A4DC1F8123}.Release|Any CPU.Build.0 = Release|Any CPU
		{426A428F-7D70-4E8B-9B66-E7A4DC1F8123}.Release|x64.ActiveCfg = Release|Any CPU
		{426A428F-7D70-4E8B-9B66-E7A4DC1F8123}.Release|x64.Build.0 = Release|Any CPU
		{426A428F-7D70-4E8B-9B66-E7A4DC1F8123}.Release|x86.ActiveCfg = Release|Any CPU
		{426A428F-7D70-4E8B-9B66-E7A4DC1F8123}.Release|x86.Build.0 = Release|Any CPU
		{447B8FCD-A937-4F45-A11A-EE04383E75F9}.Debug|Any CPU.ActiveCfg = Debug|Any CPU
		{447B8FCD-A937-4F45-A11A-EE04383E75F9}.Debug|Any CPU.Build.0 = Debug|Any CPU
		{447B8FCD-A937-4F45-A11A-EE04383E75F9}.Debug|x64.ActiveCfg = Debug|Any CPU
		{447B8FCD-A937-4F45-A11A-EE04383E75F9}.Debug|x64.Build.0 = Debug|Any CPU
		{447B8FCD-A937-4F45-A11A-EE04383E75F9}.Debug|x86.ActiveCfg = Debug|Any CPU
		{447B8FCD-A937-4F45-A11A-EE04383E75F9}.Debug|x86.Build.0 = Debug|Any CPU
		{447B8FCD-A937-4F45-A11A-EE04383E75F9}.Release|Any CPU.ActiveCfg = Release|Any CPU
		{447B8FCD-A937-4F45-A11A-EE04383E75F9}.Release|Any CPU.Build.0 = Release|Any CPU
		{447B8FCD-A937-4F45-A11A-EE04383E75F9}.Release|x64.ActiveCfg = Release|Any CPU
		{447B8FCD-A937-4F45-A11A-EE04383E75F9}.Release|x64.Build.0 = Release|Any CPU
		{447B8FCD-A937-4F45-A11A-EE04383E75F9}.Release|x86.ActiveCfg = Release|Any CPU
		{447B8FCD-A937-4F45-A11A-EE04383E75F9}.Release|x86.Build.0 = Release|Any CPU
		{44A191A7-D9A6-45DF-BB82-97DD7C5A8559}.Debug|Any CPU.ActiveCfg = Debug|Any CPU
		{44A191A7-D9A6-45DF-BB82-97DD7C5A8559}.Debug|Any CPU.Build.0 = Debug|Any CPU
		{44A191A7-D9A6-45DF-BB82-97DD7C5A8559}.Debug|x64.ActiveCfg = Debug|Any CPU
		{44A191A7-D9A6-45DF-BB82-97DD7C5A8559}.Debug|x64.Build.0 = Debug|Any CPU
		{44A191A7-D9A6-45DF-BB82-97DD7C5A8559}.Debug|x86.ActiveCfg = Debug|Any CPU
		{44A191A7-D9A6-45DF-BB82-97DD7C5A8559}.Debug|x86.Build.0 = Debug|Any CPU
		{44A191A7-D9A6-45DF-BB82-97DD7C5A8559}.Release|Any CPU.ActiveCfg = Release|Any CPU
		{44A191A7-D9A6-45DF-BB82-97DD7C5A8559}.Release|Any CPU.Build.0 = Release|Any CPU
		{44A191A7-D9A6-45DF-BB82-97DD7C5A8559}.Release|x64.ActiveCfg = Release|Any CPU
		{44A191A7-D9A6-45DF-BB82-97DD7C5A8559}.Release|x64.Build.0 = Release|Any CPU
		{44A191A7-D9A6-45DF-BB82-97DD7C5A8559}.Release|x86.ActiveCfg = Release|Any CPU
		{44A191A7-D9A6-45DF-BB82-97DD7C5A8559}.Release|x86.Build.0 = Release|Any CPU
		{228D17ED-BC2F-438A-9EF1-55DC7E290031}.Debug|Any CPU.ActiveCfg = Debug|Win32
		{228D17ED-BC2F-438A-9EF1-55DC7E290031}.Debug|x64.ActiveCfg = Debug|x64
		{228D17ED-BC2F-438A-9EF1-55DC7E290031}.Debug|x64.Build.0 = Debug|x64
		{228D17ED-BC2F-438A-9EF1-55DC7E290031}.Debug|x86.ActiveCfg = Debug|Win32
		{228D17ED-BC2F-438A-9EF1-55DC7E290031}.Debug|x86.Build.0 = Debug|Win32
		{228D17ED-BC2F-438A-9EF1-55DC7E290031}.Release|Any CPU.ActiveCfg = Release|Win32
		{228D17ED-BC2F-438A-9EF1-55DC7E290031}.Release|x64.ActiveCfg = Release|x64
		{228D17ED-BC2F-438A-9EF1-55DC7E290031}.Release|x64.Build.0 = Release|x64
		{228D17ED-BC2F-438A-9EF1-55DC7E290031}.Release|x86.ActiveCfg = Release|Win32
		{228D17ED-BC2F-438A-9EF1-55DC7E290031}.Release|x86.Build.0 = Release|Win32
	EndGlobalSection
	GlobalSection(SolutionProperties) = preSolution
		HideSolutionNode = FALSE
	EndGlobalSection
	GlobalSection(ExtensibilityGlobals) = postSolution
		SolutionGuid = {F3C0D2D9-1F59-43AF-B8B7-792C91BB4EF6}
	EndGlobalSection
EndGlobal
